package: github.com/rancher/rdns-server
import:
- package: github.com/aws/aws-sdk-go
  version: v1.19.39
- package: github.com/beorn7/perks
  version: 4b2b341e8d7715fae06375aa633dbb6e91b3fb46
- package: github.com/coreos/etcd
  version: v3.3.13
- package: github.com/go-sql-driver/mysql
  version: v1.4.1
- package: github.com/gogo/protobuf
  version: v0.5
- package: github.com/golang/glog
  version: 23def4e6c14b4da8ac2ed8007337bc5eb5007998
- package: github.com/golang/protobuf
  version: v1.3.1
- package: github.com/gorilla/context
  version: v1.1
- package: github.com/gorilla/mux
  version: v1.6.1
- package: github.com/jmespath/go-jmespath
  version: c2b33e8439af944379acbdd9c3a5fe0bc44bd8a5
- package: github.com/matttproud/golang_protobuf_extensions
  version: v1.0.1
- package: github.com/pkg/errors
  version: v0.8.0-1-g839d9e9
- package: github.com/prometheus/client_golang
  version: v0.9.3
- package: github.com/prometheus/client_model
  version: 5c3871d89910bfb32f5fcab2aa4b9ec68e65a99f
- package: github.com/prometheus/common
  version: v0.4.0
- package: github.com/prometheus/procfs
  version: 833678b5bb319f2d20a475cb165c6cc59c2cc77c
- package: github.com/sirupsen/logrus
  version: v1.0.5
- package: github.com/urfave/cli
  version: v1.20.0
- package: go.etcd.io/etcd
  version: v3.3.13
  repo: github.com/etcd-io/etcd
- package: golang.org/x/crypto
  version: 9419663f5a44be8b34ca85f08abc5fe1be11f8a3
- package: golang.org/x/net
  version: 66aacef3dd8a676686c7ae3716979581e8b03c47
- package: golang.org/x/sys
  version: ebfc5b4631820b793c9010c87fd8fef0f39eb082
- package: golang.org/x/text
  version: b19bf474d317b857955b12035d2c5acb57ce8b01
- package: google.golang.org/genproto
  version: 09f6ed296fc66555a25fe4ce95173148778dfa85
- package: google.golang.org/grpc
  version: v1.7.5
- package: k8s.io/apimachinery
  version: release-1.10
